
Microsoft Visual Studio Solution File, Format Version 12.00
# Visual Studio 15
VisualStudioVersion = 15.0.27130.2010
MinimumVisualStudioVersion = 10.0.40219.1
Project("{FAE04EC0-301F-11D3-BF4B-00C04F79EFBC}") = "WhaleDateProject", "WhaleDateProject\WhaleDateProject.csproj", "{AEA1115C-7F87-4A50-8DEF-AE791AFA7B24}"
EndProject
Project("{FAE04EC0-301F-11D3-BF4B-00C04F79EFBC}") = "Data", "Data\Data.csproj", "{76391050-629A-4F10-9BCC-8FF47F06826C}"
EndProject
Global
	GlobalSection(SolutionConfigurationPlatforms) = preSolution
		Debug|Any CPU = Debug|Any CPU
		Release|Any CPU = Release|Any CPU
	EndGlobalSection
	GlobalSection(ProjectConfigurationPlatforms) = postSolution
		{AEA1115C-7F87-4A50-8DEF-AE791AFA7B24}.Debug|Any CPU.ActiveCfg = Debug|Any CPU
		{AEA1115C-7F87-4A50-8DEF-AE791AFA7B24}.Debug|Any CPU.Build.0 = Debug|Any CPU
		{AEA1115C-7F87-4A50-8DEF-AE791AFA7B24}.Release|Any CPU.ActiveCfg = Release|Any CPU
		{AEA1115C-7F87-4A50-8DEF-AE791AFA7B24}.Release|Any CPU.Build.0 = Release|Any CPU
		{76391050-629A-4F10-9BCC-8FF47F06826C}.Debug|Any CPU.ActiveCfg = Debug|Any CPU
		{76391050-629A-4F10-9BCC-8FF47F06826C}.Debug|Any CPU.Build.0 = Debug|Any CPU
		{76391050-629A-4F10-9BCC-8FF47F06826C}.Release|Any CPU.ActiveCfg = Release|Any CPU
		{76391050-629A-4F10-9BCC-8FF47F06826C}.Release|Any CPU.Build.0 = Release|Any CPU
	EndGlobalSection
	GlobalSection(SolutionProperties) = preSolution
		HideSolutionNode = FALSE
	EndGlobalSection
	GlobalSection(ExtensibilityGlobals) = postSolution
		SolutionGuid = {35D98D10-380D-492E-AED1-62A803718E6D}
	EndGlobalSection
EndGlobal
